
Microsoft Visual Studio Solution File, Format Version 12.00
# Visual Studio Version 17
VisualStudioVersion = 17.7.34221.43
MinimumVisualStudioVersion = 10.0.40219.1
Project("{2150E333-8FDC-42A3-9474-1A3956D46DE8}") = "Components", "Components", "{4B1EAB8D-A48D-431F-8357-FDF12C28098B}"
EndProject
Project("{9A19103F-16F7-4668-BE54-9A1E7A4F7556}") = "Clutch", "Components\Clutch\Clutch.csproj", "{4D44169E-082C-42E5-827D-03DCAAA036DA}"
EndProject
Project("{9A19103F-16F7-4668-BE54-9A1E7A4F7556}") = "Common", "Common\Common.csproj", "{1595FC46-CB26-43B2-ACE5-AC0F9CE9D68F}"
EndProject
Project("{9A19103F-16F7-4668-BE54-9A1E7A4F7556}") = "ControlPanel", "Components\ControlPanel\ControlPanel.csproj", "{30500A4D-4E75-4CD4-B8C6-ABA5DCD50853}"
EndProject
Project("{FAE04EC0-301F-11D3-BF4B-00C04F79EFBC}") = "Tests", "Tests\Tests.csproj", "{B738D059-86DB-4DA3-B4FF-9AEB21614711}"
EndProject
Global
	GlobalSection(SolutionConfigurationPlatforms) = preSolution
		Debug|Any CPU = Debug|Any CPU
		Release|Any CPU = Release|Any CPU
	EndGlobalSection
	GlobalSection(ProjectConfigurationPlatforms) = postSolution
		{4D44169E-082C-42E5-827D-03DCAAA036DA}.Debug|Any CPU.ActiveCfg = Debug|Any CPU
		{4D44169E-082C-42E5-827D-03DCAAA036DA}.Debug|Any CPU.Build.0 = Debug|Any CPU
		{4D44169E-082C-42E5-827D-03DCAAA036DA}.Release|Any CPU.ActiveCfg = Release|Any CPU
		{4D44169E-082C-42E5-827D-03DCAAA036DA}.Release|Any CPU.Build.0 = Release|Any CPU
		{1595FC46-CB26-43B2-ACE5-AC0F9CE9D68F}.Debug|Any CPU.ActiveCfg = Debug|Any CPU
		{1595FC46-CB26-43B2-ACE5-AC0F9CE9D68F}.Debug|Any CPU.Build.0 = Debug|Any CPU
		{1595FC46-CB26-43B2-ACE5-AC0F9CE9D68F}.Release|Any CPU.ActiveCfg = Release|Any CPU
		{1595FC46-CB26-43B2-ACE5-AC0F9CE9D68F}.Release|Any CPU.Build.0 = Release|Any CPU
		{30500A4D-4E75-4CD4-B8C6-ABA5DCD50853}.Debug|Any CPU.ActiveCfg = Debug|Any CPU
		{30500A4D-4E75-4CD4-B8C6-ABA5DCD50853}.Debug|Any CPU.Build.0 = Debug|Any CPU
		{30500A4D-4E75-4CD4-B8C6-ABA5DCD50853}.Release|Any CPU.ActiveCfg = Release|Any CPU
		{30500A4D-4E75-4CD4-B8C6-ABA5DCD50853}.Release|Any CPU.Build.0 = Release|Any CPU
		{B738D059-86DB-4DA3-B4FF-9AEB21614711}.Debug|Any CPU.ActiveCfg = Debug|Any CPU
		{B738D059-86DB-4DA3-B4FF-9AEB21614711}.Debug|Any CPU.Build.0 = Debug|Any CPU
		{B738D059-86DB-4DA3-B4FF-9AEB21614711}.Release|Any CPU.ActiveCfg = Release|Any CPU
		{B738D059-86DB-4DA3-B4FF-9AEB21614711}.Release|Any CPU.Build.0 = Release|Any CPU
	EndGlobalSection
	GlobalSection(SolutionProperties) = preSolution
		HideSolutionNode = FALSE
	EndGlobalSection
	GlobalSection(NestedProjects) = preSolution
		{4D44169E-082C-42E5-827D-03DCAAA036DA} = {4B1EAB8D-A48D-431F-8357-FDF12C28098B}
		{30500A4D-4E75-4CD4-B8C6-ABA5DCD50853} = {4B1EAB8D-A48D-431F-8357-FDF12C28098B}
	EndGlobalSection
	GlobalSection(ExtensibilityGlobals) = postSolution
		SolutionGuid = {EB3C054D-B62F-4EFD-AA0E-40BA72B3DF57}
	EndGlobalSection
EndGlobal
